dependencies:
  cmd_system:
    dependencies: []
    source:
      path: ../../../../../.espressif/v6.0.1/esp-idf/examples/system/console/advanced/components/cmd_system
      type: local
    version: '*'
  esp-qa/ping-cmd:
    component_hash: fe97de564088c2152234a27135e04b1db0b6a1f2075a684369f4a1f537502005
    dependencies:
    - name: idf
      require: private
      version: '>=4.3'
    source:
      registry_url: https://components.espressif.com/
      type: service
    version: 1.0.0
  esp-qa/wifi-cmd:
    component_hash: ea5f761ae07395c593f66a4987262fbb6205b7a6d75d017da084efea0674f545
    dependencies:
    - name: idf
      require: private
      version: '>=4.3'
    source:
      registry_url: https://components.espressif.com/
      type: service
    version: 0.2.12
  espressif/iperf:
    component_hash: 7ee222b87da6e69118814a1e04fbc6e0af6814cdd364f7f51cb58770d2478224
    dependencies:
    - name: idf
      require: private
      version: '>=4.3'
    source:
      registry_url: https://components.espressif.com
      type: service
    version: 1.0.2
  espressif/iperf-cmd:
    component_hash: 112e912c230db6e8863194854950a83d8ed042101d9c57ebdfab8a505c8d8c21
    dependencies:
    - name: espressif/iperf
      registry_url: https://components.espressif.com
      require: private
      version: =1.0.2
    - name: idf
      require: private
      version: '>=4.3'
    source:
      registry_url: https://components.espressif.com/
      type: service
    version: 1.0.2
  idf:
    source:
      type: idf
    version: 6.0.1
direct_dependencies:
- cmd_system
- esp-qa/ping-cmd
- esp-qa/wifi-cmd
- espressif/iperf-cmd
manifest_hash: 8be08ef3e656199ede04cb1ae8d220e2b70993e0bf4f79b66ff2cd0f041d586e
target: esp32c3
version: 3.0.0
